
Microsoft Visual Studio Solution File, Format Version 12.00
# Visual Studio Version 16
VisualStudioVersion = 16.0.31911.196
MinimumVisualStudioVersion = 10.0.40219.1
Project("{FAE04EC0-301F-11D3-BF4B-00C04F79EFBC}") = "Metronome", "Metronome.csproj", "{FDF5D733-A00D-4E02-BB18-1922C58627A2}"
EndProject
Global
	GlobalSection(SolutionConfigurationPlatforms) = preSolution
		Debug|Any CPU = Debug|Any CPU
		Release|Any CPU = Release|Any CPU
	EndGlobalSection
	GlobalSection(ProjectConfigurationPlatforms) = postSolution
		{FDF5D733-A00D-4E02-BB18-1922C58627A2}.Debug|Any CPU.ActiveCfg = Debug|Any CPU
		{FDF5D733-A00D-4E02-BB18-1922C58627A2}.Debug|Any CPU.Build.0 = Debug|Any CPU
		{FDF5D733-A00D-4E02-BB18-1922C58627A2}.Release|Any CPU.ActiveCfg = Release|Any CPU
		{FDF5D733-A00D-4E02-BB18-1922C58627A2}.Release|Any CPU.Build.0 = Release|Any CPU
	EndGlobalSection
	GlobalSection(SolutionProperties) = preSolution
		HideSolutionNode = FALSE
	EndGlobalSection
	GlobalSection(ExtensibilityGlobals) = postSolution
		SolutionGuid = {DDBD4A8B-3ADA-4E43-9720-AB189A59D1AA}
	EndGlobalSection
EndGlobal
